
Microsoft Visual Studio Solution File, Format Version 11.00
# Visual Studio 2010
Project("{FAE04EC0-301F-11D3-BF4B-00C04F79EFBC}") = "CA1---ARVR", "Assembly-CSharp-firstpass.csproj", "{48ABD86B-9A8C-9557-771B-CA0ED0BE5FD6}"
EndProject
Project("{FAE04EC0-301F-11D3-BF4B-00C04F79EFBC}") = "CA1---ARVR", "Assembly-CSharp.csproj", "{600BF670-B5E2-2EBF-0315-9C8BAC51E9FC}"
EndProject
Project("{FAE04EC0-301F-11D3-BF4B-00C04F79EFBC}") = "CA1---ARVR", "Assembly-CSharp-Editor-firstpass.csproj", "{9755028A-7210-BF3C-2E7A-93C9572A346A}"
EndProject
Global
	GlobalSection(SolutionConfigurationPlatforms) = preSolution
		Debug|Any CPU = Debug|Any CPU
		Release|Any CPU = Release|Any CPU
	EndGlobalSection
	GlobalSection(ProjectConfigurationPlatforms) = postSolution
		{48ABD86B-9A8C-9557-771B-CA0ED0BE5FD6}.Debug|Any CPU.ActiveCfg = Debug|Any CPU
		{48ABD86B-9A8C-9557-771B-CA0ED0BE5FD6}.Debug|Any CPU.Build.0 = Debug|Any CPU
		{48ABD86B-9A8C-9557-771B-CA0ED0BE5FD6}.Release|Any CPU.ActiveCfg = Release|Any CPU
		{48ABD86B-9A8C-9557-771B-CA0ED0BE5FD6}.Release|Any CPU.Build.0 = Release|Any CPU
		{600BF670-B5E2-2EBF-0315-9C8BAC51E9FC}.Debug|Any CPU.ActiveCfg = Debug|Any CPU
		{600BF670-B5E2-2EBF-0315-9C8BAC51E9FC}.Debug|Any CPU.Build.0 = Debug|Any CPU
		{600BF670-B5E2-2EBF-0315-9C8BAC51E9FC}.Release|Any CPU.ActiveCfg = Release|Any CPU
		{600BF670-B5E2-2EBF-0315-9C8BAC51E9FC}.Release|Any CPU.Build.0 = Release|Any CPU
		{9755028A-7210-BF3C-2E7A-93C9572A346A}.Debug|Any CPU.ActiveCfg = Debug|Any CPU
		{9755028A-7210-BF3C-2E7A-93C9572A346A}.Debug|Any CPU.Build.0 = Debug|Any CPU
		{9755028A-7210-BF3C-2E7A-93C9572A346A}.Release|Any CPU.ActiveCfg = Release|Any CPU
		{9755028A-7210-BF3C-2E7A-93C9572A346A}.Release|Any CPU.Build.0 = Release|Any CPU
	EndGlobalSection
	GlobalSection(SolutionProperties) = preSolution
		HideSolutionNode = FALSE
	EndGlobalSection
	GlobalSection(MonoDevelopProperties) = preSolution
		StartupItem = Assembly-CSharp.csproj
	EndGlobalSection
EndGlobal
